
Microsoft Visual Studio Solution File, Format Version 12.00
# Visual Studio 15
Project("{FAE04EC0-301F-11D3-BF4B-00C04F79EFBC}") = "studio3-solution", "studio3-solution\studio3-solution.csproj", "{7C7F43B7-ECFD-46E3-8DDB-B71C110D1A81}"
EndProject
Global
	GlobalSection(SolutionConfigurationPlatforms) = preSolution
		Debug|Any CPU = Debug|Any CPU
		Release|Any CPU = Release|Any CPU
	EndGlobalSection
	GlobalSection(ProjectConfigurationPlatforms) = postSolution
		{7C7F43B7-ECFD-46E3-8DDB-B71C110D1A81}.Debug|Any CPU.ActiveCfg = Debug|Any CPU
		{7C7F43B7-ECFD-46E3-8DDB-B71C110D1A81}.Debug|Any CPU.Build.0 = Debug|Any CPU
		{7C7F43B7-ECFD-46E3-8DDB-B71C110D1A81}.Release|Any CPU.ActiveCfg = Release|Any CPU
		{7C7F43B7-ECFD-46E3-8DDB-B71C110D1A81}.Release|Any CPU.Build.0 = Release|Any CPU
	EndGlobalSection
EndGlobal
