
Microsoft Visual Studio Solution File, Format Version 12.00
# Visual Studio 15
Project("{FAE04EC0-301F-11D3-BF4B-00C04F79EFBC}") = "class-2", "class-2\class-2.csproj", "{52E1D8AA-FA7C-4303-9259-58897ED9DF23}"
EndProject
Global
	GlobalSection(SolutionConfigurationPlatforms) = preSolution
		Debug|Any CPU = Debug|Any CPU
		Release|Any CPU = Release|Any CPU
	EndGlobalSection
	GlobalSection(ProjectConfigurationPlatforms) = postSolution
		{52E1D8AA-FA7C-4303-9259-58897ED9DF23}.Debug|Any CPU.ActiveCfg = Debug|Any CPU
		{52E1D8AA-FA7C-4303-9259-58897ED9DF23}.Debug|Any CPU.Build.0 = Debug|Any CPU
		{52E1D8AA-FA7C-4303-9259-58897ED9DF23}.Release|Any CPU.ActiveCfg = Release|Any CPU
		{52E1D8AA-FA7C-4303-9259-58897ED9DF23}.Release|Any CPU.Build.0 = Release|Any CPU
	EndGlobalSection
EndGlobal
